
Microsoft Visual Studio Solution File, Format Version 12.00
# Visual Studio 15
VisualStudioVersion = 15.0.28307.329
MinimumVisualStudioVersion = 10.0.40219.1
Project("{9A19103F-16F7-4668-BE54-9A1E7A4F7556}") = "GirlScoutCookies", "GirlScoutCookies\GirlScoutCookies.csproj", "{4C2EACAC-52D2-4695-B1D5-7042A88AFA37}"
EndProject
Project("{FAE04EC0-301F-11D3-BF4B-00C04F79EFBC}") = "GirlScoutCookiesTests", "GirlScoutCookiesTests\GirlScoutCookiesTests.csproj", "{A2D1CD23-73FD-4F18-ABEA-37CBF9CEAF26}"
EndProject
Global
	GlobalSection(SolutionConfigurationPlatforms) = preSolution
		Debug|Any CPU = Debug|Any CPU
		Release|Any CPU = Release|Any CPU
	EndGlobalSection
	GlobalSection(ProjectConfigurationPlatforms) = postSolution
		{4C2EACAC-52D2-4695-B1D5-7042A88AFA37}.Debug|Any CPU.ActiveCfg = Debug|Any CPU
		{4C2EACAC-52D2-4695-B1D5-7042A88AFA37}.Debug|Any CPU.Build.0 = Debug|Any CPU
		{4C2EACAC-52D2-4695-B1D5-7042A88AFA37}.Release|Any CPU.ActiveCfg = Release|Any CPU
		{4C2EACAC-52D2-4695-B1D5-7042A88AFA37}.Release|Any CPU.Build.0 = Release|Any CPU
		{A2D1CD23-73FD-4F18-ABEA-37CBF9CEAF26}.Debug|Any CPU.ActiveCfg = Debug|Any CPU
		{A2D1CD23-73FD-4F18-ABEA-37CBF9CEAF26}.Debug|Any CPU.Build.0 = Debug|Any CPU
		{A2D1CD23-73FD-4F18-ABEA-37CBF9CEAF26}.Release|Any CPU.ActiveCfg = Release|Any CPU
		{A2D1CD23-73FD-4F18-ABEA-37CBF9CEAF26}.Release|Any CPU.Build.0 = Release|Any CPU
	EndGlobalSection
	GlobalSection(SolutionProperties) = preSolution
		HideSolutionNode = FALSE
	EndGlobalSection
	GlobalSection(ExtensibilityGlobals) = postSolution
		SolutionGuid = {5D9F2FA1-F88C-4C4F-AC9E-E052BF336F09}
	EndGlobalSection
EndGlobal
